{
  "nodes": {
    "devshell": {
      "inputs": {
        "flake-utils": [
          "dsf",
          "flake-utils"
        ],
        "nixpkgs": [
          "dsf",
          "nixpkgs"
        ]
      },
      "locked": {
        "lastModified": 1663445644,
        "narHash": "sha256-+xVlcK60x7VY1vRJbNUEAHi17ZuoQxAIH4S4iUFUGBA=",
        "owner": "numtide",
        "repo": "devshell",
        "rev": "e3dc3e21594fe07bdb24bdf1c8657acaa4cb8f66",
        "type": "github"
      },
      "original": {
        "owner": "numtide",
        "repo": "devshell",
        "type": "github"
      }
    },
    "devshell_2": {
      "inputs": {
        "flake-utils": [
          "gha",
          "dsf",
          "flake-utils"
        ],
        "nixpkgs": [
          "gha",
          "dsf",
          "nixpkgs"
        ]
      },
      "locked": {
        "lastModified": 1654858401,
        "narHash": "sha256-53bw34DtVJ2bnF6WEwy6Tym+qY0pNEiEwARUlvmTZjs=",
        "owner": "numtide",
        "repo": "devshell",
        "rev": "f55e05c6d3bbe9acc7363bc8fc739518b2f02976",
        "type": "github"
      },
      "original": {
        "owner": "numtide",
        "repo": "devshell",
        "type": "github"
      }
    },
    "dsf": {
      "inputs": {
        "devshell": "devshell",
        "flake-utils": "flake-utils",
        "nixpkgs": [
          "nixpkgs"
        ]
      },
      "locked": {
        "lastModified": 1664593457,
        "narHash": "sha256-eRgB8qfGYdAC+8Uli3AHv6i7O7rfnPXjVferyVORMoA=",
        "owner": "cruel-intentions",
        "repo": "devshell-files",
        "rev": "99a20a99581da03af1adc70ab3236b96a778ad3e",
        "type": "github"
      },
      "original": {
        "owner": "cruel-intentions",
        "repo": "devshell-files",
        "type": "github"
      }
    },
    "dsf_2": {
      "inputs": {
        "devshell": "devshell_2",
        "flake-utils": "flake-utils_2",
        "nixpkgs": "nixpkgs"
      },
      "locked": {
        "lastModified": 1655015961,
        "narHash": "sha256-rLtp4QVUVf02JKNbEbcs7SuN5Q57YBUOAPJr5Exv/P8=",
        "owner": "cruel-intentions",
        "repo": "devshell-files",
        "rev": "6ebf0682a181fc512d0b710ea08acb9e38839fdb",
        "type": "github"
      },
      "original": {
        "owner": "cruel-intentions",
        "repo": "devshell-files",
        "type": "github"
      }
    },
    "flake-utils": {
      "locked": {
        "lastModified": 1659877975,
        "narHash": "sha256-zllb8aq3YO3h8B/U0/J1WBgAL8EX5yWf5pMj3G0NAmc=",
        "owner": "numtide",
        "repo": "flake-utils",
        "rev": "c0e246b9b83f637f4681389ecabcb2681b4f3af0",
        "type": "github"
      },
      "original": {
        "owner": "numtide",
        "repo": "flake-utils",
        "type": "github"
      }
    },
    "flake-utils_2": {
      "locked": {
        "lastModified": 1653893745,
        "narHash": "sha256-0jntwV3Z8//YwuOjzhV2sgJJPt+HY6KhU7VZUL0fKZQ=",
        "owner": "numtide",
        "repo": "flake-utils",
        "rev": "1ed9fb1935d260de5fe1c2f7ee0ebaae17ed2fa1",
        "type": "github"
      },
      "original": {
        "owner": "numtide",
        "repo": "flake-utils",
        "type": "github"
      }
    },
    "gha": {
      "inputs": {
        "dsf": "dsf_2"
      },
      "locked": {
        "lastModified": 1655025633,
        "narHash": "sha256-QoKHywgljgnTEkkWL0POwqXhxWHkHI4IL6luWSJwYM8=",
        "owner": "cruel-intentions",
        "repo": "gh-actions",
        "rev": "122626d7591ba62d507b1eb22c9656613cfdb055",
        "type": "github"
      },
      "original": {
        "owner": "cruel-intentions",
        "repo": "gh-actions",
        "type": "github"
      }
    },
    "nixpkgs": {
      "locked": {
        "lastModified": 1653936696,
        "narHash": "sha256-M6bJShji9AIDZ7Kh7CPwPBPb/T7RiVev2PAcOi4fxDQ=",
        "owner": "nixos",
        "repo": "nixpkgs",
        "rev": "ce6aa13369b667ac2542593170993504932eb836",
        "type": "github"
      },
      "original": {
        "owner": "nixos",
        "ref": "22.05",
        "repo": "nixpkgs",
        "type": "github"
      }
    },
    "nixpkgs_2": {
      "locked": {
        "lastModified": 1653936696,
        "narHash": "sha256-M6bJShji9AIDZ7Kh7CPwPBPb/T7RiVev2PAcOi4fxDQ=",
        "owner": "nixos",
        "repo": "nixpkgs",
        "rev": "ce6aa13369b667ac2542593170993504932eb836",
        "type": "github"
      },
      "original": {
        "owner": "nixos",
        "ref": "22.05",
        "repo": "nixpkgs",
        "type": "github"
      }
    },
    "root": {
      "inputs": {
        "dsf": "dsf",
        "gha": "gha",
        "nixpkgs": "nixpkgs_2"
      }
    }
  },
  "root": "root",
  "version": 7
}
